
Microsoft Visual Studio Solution File, Format Version 12.00
# Visual Studio 2012
Project("{FAE04EC0-301F-11D3-BF4B-00C04F79EFBC}") = "DUO2C", "DUO2C.csproj", "{DE8B519D-2956-4EFF-B60B-39DB652A1903}"
EndProject
Project("{FAE04EC0-301F-11D3-BF4B-00C04F79EFBC}") = "Tests", "Tests.csproj", "{30AC3487-B4FB-4A59-9C03-EB2D3B2B51D4}"
EndProject
Global
	GlobalSection(SolutionConfigurationPlatforms) = preSolution
		Debug|Any CPU = Debug|Any CPU
		Release|Any CPU = Release|Any CPU
	EndGlobalSection
	GlobalSection(ProjectConfigurationPlatforms) = postSolution
		{DE8B519D-2956-4EFF-B60B-39DB652A1903}.Debug|Any CPU.ActiveCfg = Debug|Any CPU
		{DE8B519D-2956-4EFF-B60B-39DB652A1903}.Debug|Any CPU.Build.0 = Debug|Any CPU
		{DE8B519D-2956-4EFF-B60B-39DB652A1903}.Release|Any CPU.ActiveCfg = Release|Any CPU
		{DE8B519D-2956-4EFF-B60B-39DB652A1903}.Release|Any CPU.Build.0 = Release|Any CPU
		{30AC3487-B4FB-4A59-9C03-EB2D3B2B51D4}.Debug|Any CPU.ActiveCfg = Debug|Any CPU
		{30AC3487-B4FB-4A59-9C03-EB2D3B2B51D4}.Debug|Any CPU.Build.0 = Debug|Any CPU
		{30AC3487-B4FB-4A59-9C03-EB2D3B2B51D4}.Release|Any CPU.ActiveCfg = Release|Any CPU
		{30AC3487-B4FB-4A59-9C03-EB2D3B2B51D4}.Release|Any CPU.Build.0 = Release|Any CPU
	EndGlobalSection
	GlobalSection(SolutionProperties) = preSolution
		HideSolutionNode = FALSE
	EndGlobalSection
EndGlobal
